
Microsoft Visual Studio Solution File, Format Version 12.00
# Visual Studio Version 16
VisualStudioVersion = 16.0.32002.261
MinimumVisualStudioVersion = 10.0.40219.1
Project("{FAE04EC0-301F-11D3-BF4B-00C04F79EFBC}") = "NzbDroneWatcher", "NzbDroneWatcher\NzbDroneWatcher.csproj", "{7817D719-42EA-4D42-B135-4589F8A8C9BF}"
EndProject
Project("{2150E333-8FDC-42A3-9474-1A3956D46DE8}") = "README.md", "README.md", "{77545138-0F21-4806-8697-7E19478C11E7}"
	ProjectSection(SolutionItems) = preProject
		README.md = README.md
	EndProjectSection
EndProject
Global
	GlobalSection(SolutionConfigurationPlatforms) = preSolution
		Debug|Any CPU = Debug|Any CPU
		Release|Any CPU = Release|Any CPU
	EndGlobalSection
	GlobalSection(ProjectConfigurationPlatforms) = postSolution
		{7817D719-42EA-4D42-B135-4589F8A8C9BF}.Debug|Any CPU.ActiveCfg = Debug|Any CPU
		{7817D719-42EA-4D42-B135-4589F8A8C9BF}.Debug|Any CPU.Build.0 = Debug|Any CPU
		{7817D719-42EA-4D42-B135-4589F8A8C9BF}.Release|Any CPU.ActiveCfg = Release|Any CPU
		{7817D719-42EA-4D42-B135-4589F8A8C9BF}.Release|Any CPU.Build.0 = Release|Any CPU
	EndGlobalSection
	GlobalSection(SolutionProperties) = preSolution
		HideSolutionNode = FALSE
	EndGlobalSection
	GlobalSection(ExtensibilityGlobals) = postSolution
		SolutionGuid = {BC2EEC14-1351-4CEC-8061-682647319F7A}
	EndGlobalSection
EndGlobal
